
Microsoft Visual Studio Solution File, Format Version 12.00
# Visual Studio Version 17
VisualStudioVersion = 17.9.34728.123
MinimumVisualStudioVersion = 10.0.40219.1
Project("{FAE04EC0-301F-11D3-BF4B-00C04F79EFBC}") = "Aplicacion", "TP_Cuatrimestral_Equipo_7\Aplicacion.csproj", "{7942A576-1EFB-4A6B-9F55-E63FAFD643AD}"
EndProject
Project("{FAE04EC0-301F-11D3-BF4B-00C04F79EFBC}") = "Datos", "Datos\Datos.csproj", "{B8E989C3-8CD8-4710-A9F1-48FECD8103C6}"
EndProject
Global
	GlobalSection(SolutionConfigurationPlatforms) = preSolution
		Debug|Any CPU = Debug|Any CPU
		Release|Any CPU = Release|Any CPU
	EndGlobalSection
	GlobalSection(ProjectConfigurationPlatforms) = postSolution
		{7942A576-1EFB-4A6B-9F55-E63FAFD643AD}.Debug|Any CPU.ActiveCfg = Debug|Any CPU
		{7942A576-1EFB-4A6B-9F55-E63FAFD643AD}.Debug|Any CPU.Build.0 = Debug|Any CPU
		{7942A576-1EFB-4A6B-9F55-E63FAFD643AD}.Release|Any CPU.ActiveCfg = Release|Any CPU
		{7942A576-1EFB-4A6B-9F55-E63FAFD643AD}.Release|Any CPU.Build.0 = Release|Any CPU
		{B8E989C3-8CD8-4710-A9F1-48FECD8103C6}.Debug|Any CPU.ActiveCfg = Debug|Any CPU
		{B8E989C3-8CD8-4710-A9F1-48FECD8103C6}.Debug|Any CPU.Build.0 = Debug|Any CPU
		{B8E989C3-8CD8-4710-A9F1-48FECD8103C6}.Release|Any CPU.ActiveCfg = Release|Any CPU
		{B8E989C3-8CD8-4710-A9F1-48FECD8103C6}.Release|Any CPU.Build.0 = Release|Any CPU
	EndGlobalSection
	GlobalSection(SolutionProperties) = preSolution
		HideSolutionNode = FALSE
	EndGlobalSection
	GlobalSection(ExtensibilityGlobals) = postSolution
		SolutionGuid = {C28AFC52-CC1E-4677-A259-EF72F09701DA}
	EndGlobalSection
EndGlobal
